
Microsoft Visual Studio Solution File, Format Version 12.00
# Visual Studio Version 17
VisualStudioVersion = 17.0.32112.339
MinimumVisualStudioVersion = 10.0.40219.1
Project("{FAE04EC0-301F-11D3-BF4B-00C04F79EFBC}") = "SimpleBookApi", "SimpleBookApi\SimpleBookApi.csproj", "{1E7E3CB8-10E8-42E0-8AA7-A068BD6FEFD6}"
EndProject
Project("{FAE04EC0-301F-11D3-BF4B-00C04F79EFBC}") = "SimpleBookApiTests", "SimpleBookApiTests\SimpleBookApiTests.csproj", "{FDE3AA84-3D06-4E7F-B42D-CD1743784A64}"
EndProject
Project("{FAE04EC0-301F-11D3-BF4B-00C04F79EFBC}") = "SimpleBookWebApp", "SimpleBookWebApp\SimpleBookWebApp.csproj", "{830A5706-DD5E-44F7-8AB3-54944FF2018F}"
EndProject
Global
	GlobalSection(SolutionConfigurationPlatforms) = preSolution
		Debug|Any CPU = Debug|Any CPU
		Release|Any CPU = Release|Any CPU
	EndGlobalSection
	GlobalSection(ProjectConfigurationPlatforms) = postSolution
		{1E7E3CB8-10E8-42E0-8AA7-A068BD6FEFD6}.Debug|Any CPU.ActiveCfg = Debug|Any CPU
		{1E7E3CB8-10E8-42E0-8AA7-A068BD6FEFD6}.Debug|Any CPU.Build.0 = Debug|Any CPU
		{1E7E3CB8-10E8-42E0-8AA7-A068BD6FEFD6}.Release|Any CPU.ActiveCfg = Release|Any CPU
		{1E7E3CB8-10E8-42E0-8AA7-A068BD6FEFD6}.Release|Any CPU.Build.0 = Release|Any CPU
		{FDE3AA84-3D06-4E7F-B42D-CD1743784A64}.Debug|Any CPU.ActiveCfg = Debug|Any CPU
		{FDE3AA84-3D06-4E7F-B42D-CD1743784A64}.Debug|Any CPU.Build.0 = Debug|Any CPU
		{FDE3AA84-3D06-4E7F-B42D-CD1743784A64}.Release|Any CPU.ActiveCfg = Release|Any CPU
		{FDE3AA84-3D06-4E7F-B42D-CD1743784A64}.Release|Any CPU.Build.0 = Release|Any CPU
		{830A5706-DD5E-44F7-8AB3-54944FF2018F}.Debug|Any CPU.ActiveCfg = Debug|Any CPU
		{830A5706-DD5E-44F7-8AB3-54944FF2018F}.Debug|Any CPU.Build.0 = Debug|Any CPU
		{830A5706-DD5E-44F7-8AB3-54944FF2018F}.Release|Any CPU.ActiveCfg = Release|Any CPU
		{830A5706-DD5E-44F7-8AB3-54944FF2018F}.Release|Any CPU.Build.0 = Release|Any CPU
	EndGlobalSection
	GlobalSection(SolutionProperties) = preSolution
		HideSolutionNode = FALSE
	EndGlobalSection
	GlobalSection(ExtensibilityGlobals) = postSolution
		SolutionGuid = {DE7C8CAE-E535-433D-B7BD-F4AEBBB39A46}
	EndGlobalSection
EndGlobal
